// !$*UTF8*$!
{
	archiveVersion = 1;
	classes = {
	};
	objectVersion = 46;
	objects = {

/* Begin PBXBuildFile section */
		703074491B957C2800FD796E /* DemoListC.swift in Sources */ = {isa = PBXBuildFile; fileRef = 703074481B957C2800FD796E /* DemoListC.swift */; };
		7030744B1B957DA200FD796E /* Demo.swift in Sources */ = {isa = PBXBuildFile; fileRef = 7030744A1B957DA200FD796E /* Demo.swift */; };
		7030744D1B958F3C00FD796E /* DemoRunC.swift in Sources */ = {isa = PBXBuildFile; fileRef = 7030744C1B958F3C00FD796E /* DemoRunC.swift */; };
		703074731B95DD6200FD796E /* alpacino.jpg in Resources */ = {isa = PBXBuildFile; fileRef = 703074721B95DD6200FD796E /* alpacino.jpg */; };
		703074751B95DD9F00FD796E /* AVQueryDemo.swift in Sources */ = {isa = PBXBuildFile; fileRef = 703074741B95DD9F00FD796E /* AVQueryDemo.swift */; };
		703074771B95DDBB00FD796E /* PointerDemo.swift in Sources */ = {isa = PBXBuildFile; fileRef = 703074761B95DDBB00FD796E /* PointerDemo.swift */; };
		7030747B1B95DE0000FD796E /* AVUserDemo.swift in Sources */ = {isa = PBXBuildFile; fileRef = 7030747A1B95DE0000FD796E /* AVUserDemo.swift */; };
		7030747D1B95DE0900FD796E /* AVFileDemo.swift in Sources */ = {isa = PBXBuildFile; fileRef = 7030747C1B95DE0900FD796E /* AVFileDemo.swift */; };
		703074A11B961FAA00FD796E /* SourceC.swift in Sources */ = {isa = PBXBuildFile; fileRef = 703074A01B961FAA00FD796E /* SourceC.swift */; };
		703074A81B96D00900FD796E /* html in Resources */ = {isa = PBXBuildFile; fileRef = 703074A71B96D00900FD796E /* html */; };
		703074AA1B9756A600FD796E /* ImageViewController.swift in Sources */ = {isa = PBXBuildFile; fileRef = 703074A91B9756A600FD796E /* ImageViewController.swift */; };
		703074AC1B975BD800FD796E /* cloud.png in Resources */ = {isa = PBXBuildFile; fileRef = 703074AB1B975BD800FD796E /* cloud.png */; };
		703074AE1B9873C700FD796E /* Post.swift in Sources */ = {isa = PBXBuildFile; fileRef = 703074AD1B9873C700FD796E /* Post.swift */; };
		703074B01B988EBD00FD796E /* Student.swift in Sources */ = {isa = PBXBuildFile; fileRef = 703074AF1B988EBD00FD796E /* Student.swift */; };
		703074B41B989F9F00FD796E /* AlertViewHelper.swift in Sources */ = {isa = PBXBuildFile; fileRef = 703074B31B989F9F00FD796E /* AlertViewHelper.swift */; };
		706270EE1B9570E700CE6882 /* AVObjectDemo.swift in Sources */ = {isa = PBXBuildFile; fileRef = 706270ED1B9570E700CE6882 /* AVObjectDemo.swift */; };
		70CD759C1B94CCDB00882317 /* AppDelegate.swift in Sources */ = {isa = PBXBuildFile; fileRef = 70CD759B1B94CCDB00882317 /* AppDelegate.swift */; };
		70CD75A11B94CCDB00882317 /* Main.storyboard in Resources */ = {isa = PBXBuildFile; fileRef = 70CD759F1B94CCDB00882317 /* Main.storyboard */; };
		70CD75A31B94CCDB00882317 /* Images.xcassets in Resources */ = {isa = PBXBuildFile; fileRef = 70CD75A21B94CCDB00882317 /* Images.xcassets */; };
		70CD75A61B94CCDB00882317 /* LaunchScreen.xib in Resources */ = {isa = PBXBuildFile; fileRef = 70CD75A41B94CCDB00882317 /* LaunchScreen.xib */; };
		70CD75B21B94CCDB00882317 /* LeanStorageDemoSwiftTests.swift in Sources */ = {isa = PBXBuildFile; fileRef = 70CD75B11B94CCDB00882317 /* LeanStorageDemoSwiftTests.swift */; };
		70CD75BD1B94DC2F00882317 /* DemoConfig.plist in Resources */ = {isa = PBXBuildFile; fileRef = 70CD75BC1B94DC2F00882317 /* DemoConfig.plist */; };
		DDA9BEEF6EF7F2FDA200E700 /* Pods_LeanStorageDemoSwift.framework in Frameworks */ = {isa = PBXBuildFile; fileRef = 80A77B7F4CA83BEC51A0EF83 /* Pods_LeanStorageDemoSwift.framework */; settings = {ATTRIBUTES = (Weak, ); }; };
/* End PBXBuildFile section */

/* Begin PBXContainerItemProxy section */
		70CD75AC1B94CCDB00882317 /* PBXContainerItemProxy */ = {
			isa = PBXContainerItemProxy;
			containerPortal = 70CD758E1B94CCDB00882317 /* Project object */;
			proxyType = 1;
			remoteGlobalIDString = 70CD75951B94CCDB00882317;
			remoteInfo = LeanStorageDemoSwift;
		};
/* End PBXContainerItemProxy section */

/* Begin PBXFileReference section */
		703074481B957C2800FD796E /* DemoListC.swift */ = {isa = PBXFileReference; fileEncoding = 4; lastKnownFileType = sourcecode.swift; path = DemoListC.swift; sourceTree = "<group>"; };
		7030744A1B957DA200FD796E /* Demo.swift */ = {isa = PBXFileReference; fileEncoding = 4; lastKnownFileType = sourcecode.swift; path = Demo.swift; sourceTree = "<group>"; };
		7030744C1B958F3C00FD796E /* DemoRunC.swift */ = {isa = PBXFileReference; fileEncoding = 4; lastKnownFileType = sourcecode.swift; path = DemoRunC.swift; sourceTree = "<group>"; };
		703074721B95DD6200FD796E /* alpacino.jpg */ = {isa = PBXFileReference; lastKnownFileType = image.jpeg; path = alpacino.jpg; sourceTree = "<group>"; };
		703074741B95DD9F00FD796E /* AVQueryDemo.swift */ = {isa = PBXFileReference; fileEncoding = 4; lastKnownFileType = sourcecode.swift; path = AVQueryDemo.swift; sourceTree = "<group>"; };
		703074761B95DDBB00FD796E /* PointerDemo.swift */ = {isa = PBXFileReference; fileEncoding = 4; lastKnownFileType = sourcecode.swift; path = PointerDemo.swift; sourceTree = "<group>"; };
		7030747A1B95DE0000FD796E /* AVUserDemo.swift */ = {isa = PBXFileReference; fileEncoding = 4; lastKnownFileType = sourcecode.swift; path = AVUserDemo.swift; sourceTree = "<group>"; };
		7030747C1B95DE0900FD796E /* AVFileDemo.swift */ = {isa = PBXFileReference; fileEncoding = 4; lastKnownFileType = sourcecode.swift; path = AVFileDemo.swift; sourceTree = "<group>"; };
		703074A01B961FAA00FD796E /* SourceC.swift */ = {isa = PBXFileReference; fileEncoding = 4; lastKnownFileType = sourcecode.swift; path = SourceC.swift; sourceTree = "<group>"; };
		703074A51B96A07100FD796E /* LeanStorageDemoSwift-Bridging-Header.h */ = {isa = PBXFileReference; fileEncoding = 4; lastKnownFileType = sourcecode.c.h; path = "LeanStorageDemoSwift-Bridging-Header.h"; sourceTree = "<group>"; };
		703074A71B96D00900FD796E /* html */ = {isa = PBXFileReference; lastKnownFileType = folder; path = html; sourceTree = "<group>"; };
		703074A91B9756A600FD796E /* ImageViewController.swift */ = {isa = PBXFileReference; fileEncoding = 4; lastKnownFileType = sourcecode.swift; path = ImageViewController.swift; sourceTree = "<group>"; };
		703074AB1B975BD800FD796E /* cloud.png */ = {isa = PBXFileReference; lastKnownFileType = image.png; path = cloud.png; sourceTree = "<group>"; };
		703074AD1B9873C700FD796E /* Post.swift */ = {isa = PBXFileReference; fileEncoding = 4; lastKnownFileType = sourcecode.swift; path = Post.swift; sourceTree = "<group>"; };
		703074AF1B988EBD00FD796E /* Student.swift */ = {isa = PBXFileReference; fileEncoding = 4; lastKnownFileType = sourcecode.swift; path = Student.swift; sourceTree = "<group>"; };
		703074B31B989F9F00FD796E /* AlertViewHelper.swift */ = {isa = PBXFileReference; fileEncoding = 4; lastKnownFileType = sourcecode.swift; path = AlertViewHelper.swift; sourceTree = "<group>"; };
		706270ED1B9570E700CE6882 /* AVObjectDemo.swift */ = {isa = PBXFileReference; fileEncoding = 4; lastKnownFileType = sourcecode.swift; path = AVObjectDemo.swift; sourceTree = "<group>"; };
		70CD75961B94CCDB00882317 /* LeanStorageDemoSwift.app */ = {isa = PBXFileReference; explicitFileType = wrapper.application; includeInIndex = 0; path = LeanStorageDemoSwift.app; sourceTree = BUILT_PRODUCTS_DIR; };
		70CD759A1B94CCDB00882317 /* Info.plist */ = {isa = PBXFileReference; lastKnownFileType = text.plist.xml; path = Info.plist; sourceTree = "<group>"; };
		70CD759B1B94CCDB00882317 /* AppDelegate.swift */ = {isa = PBXFileReference; lastKnownFileType = sourcecode.swift; path = AppDelegate.swift; sourceTree = "<group>"; };
		70CD75A01B94CCDB00882317 /* Base */ = {isa = PBXFileReference; lastKnownFileType = file.storyboard; name = Base; path = Base.lproj/Main.storyboard; sourceTree = "<group>"; };
		70CD75A21B94CCDB00882317 /* Images.xcassets */ = {isa = PBXFileReference; lastKnownFileType = folder.assetcatalog; path = Images.xcassets; sourceTree = "<group>"; };
		70CD75A51B94CCDB00882317 /* Base */ = {isa = PBXFileReference; lastKnownFileType = file.xib; name = Base; path = Base.lproj/LaunchScreen.xib; sourceTree = "<group>"; };
		70CD75AB1B94CCDB00882317 /* LeanStorageDemoSwiftTests.xctest */ = {isa = PBXFileReference; explicitFileType = wrapper.cfbundle; includeInIndex = 0; path = LeanStorageDemoSwiftTests.xctest; sourceTree = BUILT_PRODUCTS_DIR; };
		70CD75B01B94CCDB00882317 /* Info.plist */ = {isa = PBXFileReference; lastKnownFileType = text.plist.xml; path = Info.plist; sourceTree = "<group>"; };
		70CD75B11B94CCDB00882317 /* LeanStorageDemoSwiftTests.swift */ = {isa = PBXFileReference; lastKnownFileType = sourcecode.swift; path = LeanStorageDemoSwiftTests.swift; sourceTree = "<group>"; };
		70CD75BC1B94DC2F00882317 /* DemoConfig.plist */ = {isa = PBXFileReference; fileEncoding = 4; lastKnownFileType = text.plist.xml; path = DemoConfig.plist; sourceTree = "<group>"; };
		80A77B7F4CA83BEC51A0EF83 /* Pods_LeanStorageDemoSwift.framework */ = {isa = PBXFileReference; explicitFileType = wrapper.framework; includeInIndex = 0; path = Pods_LeanStorageDemoSwift.framework; sourceTree = BUILT_PRODUCTS_DIR; };
		A5AC5B902E4AE4E032A5CB89 /* Pods-LeanStorageDemoSwift.debug.xcconfig */ = {isa = PBXFileReference; includeInIndex = 1; lastKnownFileType = text.xcconfig; name = "Pods-LeanStorageDemoSwift.debug.xcconfig"; path = "Pods/Target Support Files/Pods-LeanStorageDemoSwift/Pods-LeanStorageDemoSwift.debug.xcconfig"; sourceTree = "<group>"; };
		ED5CB223BCB79D5820E097C8 /* Pods-LeanStorageDemoSwift.release.xcconfig */ = {isa = PBXFileReference; includeInIndex = 1; lastKnownFileType = text.xcconfig; name = "Pods-LeanStorageDemoSwift.release.xcconfig"; path = "Pods/Target Support Files/Pods-LeanStorageDemoSwift/Pods-LeanStorageDemoSwift.release.xcconfig"; sourceTree = "<group>"; };
/* End PBXFileReference section */

/* Begin PBXFrameworksBuildPhase section */
		70CD75931B94CCDB00882317 /* Frameworks */ = {
			isa = PBXFrameworksBuildPhase;
			buildActionMask = 2147483647;
			files = (
				DDA9BEEF6EF7F2FDA200E700 /* Pods_LeanStorageDemoSwift.framework in Frameworks */,
			);
			runOnlyForDeploymentPostprocessing = 0;
		};
		70CD75A81B94CCDB00882317 /* Frameworks */ = {
			isa = PBXFrameworksBuildPhase;
			buildActionMask = 2147483647;
			files = (
			);
			runOnlyForDeploymentPostprocessing = 0;
		};
/* End PBXFrameworksBuildPhase section */

/* Begin PBXGroup section */
		0C6D4D4DC74CAF9642D69232 /* Pods */ = {
			isa = PBXGroup;
			children = (
				A5AC5B902E4AE4E032A5CB89 /* Pods-LeanStorageDemoSwift.debug.xcconfig */,
				ED5CB223BCB79D5820E097C8 /* Pods-LeanStorageDemoSwift.release.xcconfig */,
			);
			name = Pods;
			sourceTree = "<group>";
		};
		70CD758D1B94CCDB00882317 = {
			isa = PBXGroup;
			children = (
				70CD75BB1B94CE9C00882317 /* Demos */,
				70CD75981B94CCDB00882317 /* LeanStorageDemoSwift */,
				70CD75AE1B94CCDB00882317 /* LeanStorageDemoSwiftTests */,
				70CD75971B94CCDB00882317 /* Products */,
				0C6D4D4DC74CAF9642D69232 /* Pods */,
				7B943F2D9069260D64FA9DC4 /* Frameworks */,
			);
			sourceTree = "<group>";
		};
		70CD75971B94CCDB00882317 /* Products */ = {
			isa = PBXGroup;
			children = (
				70CD75961B94CCDB00882317 /* LeanStorageDemoSwift.app */,
				70CD75AB1B94CCDB00882317 /* LeanStorageDemoSwiftTests.xctest */,
			);
			name = Products;
			sourceTree = "<group>";
		};
		70CD75981B94CCDB00882317 /* LeanStorageDemoSwift */ = {
			isa = PBXGroup;
			children = (
				703074AD1B9873C700FD796E /* Post.swift */,
				703074AF1B988EBD00FD796E /* Student.swift */,
				703074A51B96A07100FD796E /* LeanStorageDemoSwift-Bridging-Header.h */,
				70CD759B1B94CCDB00882317 /* AppDelegate.swift */,
				703074481B957C2800FD796E /* DemoListC.swift */,
				7030744A1B957DA200FD796E /* Demo.swift */,
				7030744C1B958F3C00FD796E /* DemoRunC.swift */,
				703074B31B989F9F00FD796E /* AlertViewHelper.swift */,
				703074A91B9756A600FD796E /* ImageViewController.swift */,
				703074A01B961FAA00FD796E /* SourceC.swift */,
				70CD759F1B94CCDB00882317 /* Main.storyboard */,
				70CD75BC1B94DC2F00882317 /* DemoConfig.plist */,
				70CD75A21B94CCDB00882317 /* Images.xcassets */,
				70CD75A41B94CCDB00882317 /* LaunchScreen.xib */,
				70CD75991B94CCDB00882317 /* Supporting Files */,
			);
			path = LeanStorageDemoSwift;
			sourceTree = "<group>";
		};
		70CD75991B94CCDB00882317 /* Supporting Files */ = {
			isa = PBXGroup;
			children = (
				703074AB1B975BD800FD796E /* cloud.png */,
				703074A71B96D00900FD796E /* html */,
				703074721B95DD6200FD796E /* alpacino.jpg */,
				70CD759A1B94CCDB00882317 /* Info.plist */,
			);
			name = "Supporting Files";
			sourceTree = "<group>";
		};
		70CD75AE1B94CCDB00882317 /* LeanStorageDemoSwiftTests */ = {
			isa = PBXGroup;
			children = (
				70CD75B11B94CCDB00882317 /* LeanStorageDemoSwiftTests.swift */,
				70CD75AF1B94CCDB00882317 /* Supporting Files */,
			);
			path = LeanStorageDemoSwiftTests;
			sourceTree = "<group>";
		};
		70CD75AF1B94CCDB00882317 /* Supporting Files */ = {
			isa = PBXGroup;
			children = (
				70CD75B01B94CCDB00882317 /* Info.plist */,
			);
			name = "Supporting Files";
			sourceTree = "<group>";
		};
		70CD75BB1B94CE9C00882317 /* Demos */ = {
			isa = PBXGroup;
			children = (
				706270ED1B9570E700CE6882 /* AVObjectDemo.swift */,
				703074741B95DD9F00FD796E /* AVQueryDemo.swift */,
				703074761B95DDBB00FD796E /* PointerDemo.swift */,
				7030747A1B95DE0000FD796E /* AVUserDemo.swift */,
				7030747C1B95DE0900FD796E /* AVFileDemo.swift */,
			);
			path = Demos;
			sourceTree = "<group>";
		};
		7B943F2D9069260D64FA9DC4 /* Frameworks */ = {
			isa = PBXGroup;
			children = (
				80A77B7F4CA83BEC51A0EF83 /* Pods_LeanStorageDemoSwift.framework */,
			);
			name = Frameworks;
			sourceTree = "<group>";
		};
/* End PBXGroup section */

/* Begin PBXNativeTarget section */
		70CD75951B94CCDB00882317 /* LeanStorageDemoSwift */ = {
			isa = PBXNativeTarget;
			buildConfigurationList = 70CD75B51B94CCDB00882317 /* Build configuration list for PBXNativeTarget "LeanStorageDemoSwift" */;
			buildPhases = (
				71A118A7379B911E3CF88998 /* Check Pods Manifest.lock */,
				70CD75921B94CCDB00882317 /* Sources */,
				70CD75931B94CCDB00882317 /* Frameworks */,
				70CD75941B94CCDB00882317 /* Resources */,
				703074A21B969E7200FD796E /* Copy Source Code */,
				2E87C9F919D8E1D5FDA58E3F /* Copy Pods Resources */,
				EED291DC3F26DD6E0BF7D612 /* Embed Pods Frameworks */,
			);
			buildRules = (
			);
			dependencies = (
			);
			name = LeanStorageDemoSwift;
			productName = LeanStorageDemoSwift;
			productReference = 70CD75961B94CCDB00882317 /* LeanStorageDemoSwift.app */;
			productType = "com.apple.product-type.application";
		};
		70CD75AA1B94CCDB00882317 /* LeanStorageDemoSwiftTests */ = {
			isa = PBXNativeTarget;
			buildConfigurationList = 70CD75B81B94CCDB00882317 /* Build configuration list for PBXNativeTarget "LeanStorageDemoSwiftTests" */;
			buildPhases = (
				70CD75A71B94CCDB00882317 /* Sources */,
				70CD75A81B94CCDB00882317 /* Frameworks */,
				70CD75A91B94CCDB00882317 /* Resources */,
			);
			buildRules = (
			);
			dependencies = (
				70CD75AD1B94CCDB00882317 /* PBXTargetDependency */,
			);
			name = LeanStorageDemoSwiftTests;
			productName = LeanStorageDemoSwiftTests;
			productReference = 70CD75AB1B94CCDB00882317 /* LeanStorageDemoSwiftTests.xctest */;
			productType = "com.apple.product-type.bundle.unit-test";
		};
/* End PBXNativeTarget section */

/* Begin PBXProject section */
		70CD758E1B94CCDB00882317 /* Project object */ = {
			isa = PBXProject;
			attributes = {
				LastUpgradeCheck = 0640;
				ORGANIZATIONNAME = "微信:  lzwjava";
				TargetAttributes = {
					70CD75951B94CCDB00882317 = {
						CreatedOnToolsVersion = 6.4;
					};
					70CD75AA1B94CCDB00882317 = {
						CreatedOnToolsVersion = 6.4;
						TestTargetID = 70CD75951B94CCDB00882317;
					};
				};
			};
			buildConfigurationList = 70CD75911B94CCDB00882317 /* Build configuration list for PBXProject "LeanStorageDemoSwift" */;
			compatibilityVersion = "Xcode 3.2";
			developmentRegion = English;
			hasScannedForEncodings = 0;
			knownRegions = (
				en,
				Base,
			);
			mainGroup = 70CD758D1B94CCDB00882317;
			productRefGroup = 70CD75971B94CCDB00882317 /* Products */;
			projectDirPath = "";
			projectRoot = "";
			targets = (
				70CD75951B94CCDB00882317 /* LeanStorageDemoSwift */,
				70CD75AA1B94CCDB00882317 /* LeanStorageDemoSwiftTests */,
			);
		};
/* End PBXProject section */

/* Begin PBXResourcesBuildPhase section */
		70CD75941B94CCDB00882317 /* Resources */ = {
			isa = PBXResourcesBuildPhase;
			buildActionMask = 2147483647;
			files = (
				70CD75A11B94CCDB00882317 /* Main.storyboard in Resources */,
				703074A81B96D00900FD796E /* html in Resources */,
				703074AC1B975BD800FD796E /* cloud.png in Resources */,
				70CD75BD1B94DC2F00882317 /* DemoConfig.plist in Resources */,
				703074731B95DD6200FD796E /* alpacino.jpg in Resources */,
				70CD75A61B94CCDB00882317 /* LaunchScreen.xib in Resources */,
				70CD75A31B94CCDB00882317 /* Images.xcassets in Resources */,
			);
			runOnlyForDeploymentPostprocessing = 0;
		};
		70CD75A91B94CCDB00882317 /* Resources */ = {
			isa = PBXResourcesBuildPhase;
			buildActionMask = 2147483647;
			files = (
			);
			runOnlyForDeploymentPostprocessing = 0;
		};
/* End PBXResourcesBuildPhase section */

/* Begin PBXShellScriptBuildPhase section */
		2E87C9F919D8E1D5FDA58E3F /* Copy Pods Resources */ = {
			isa = PBXShellScriptBuildPhase;
			buildActionMask = 2147483647;
			files = (
			);
			inputPaths = (
			);
			name = "Copy Pods Resources";
			outputPaths = (
			);
			runOnlyForDeploymentPostprocessing = 0;
			shellPath = /bin/sh;
			shellScript = "\"${SRCROOT}/Pods/Target Support Files/Pods-LeanStorageDemoSwift/Pods-LeanStorageDemoSwift-resources.sh\"\n";
			showEnvVarsInLog = 0;
		};
		703074A21B969E7200FD796E /* Copy Source Code */ = {
			isa = PBXShellScriptBuildPhase;
			buildActionMask = 2147483647;
			files = (
			);
			inputPaths = (
			);
			name = "Copy Source Code";
			outputPaths = (
			);
			runOnlyForDeploymentPostprocessing = 0;
			shellPath = /bin/sh;
			shellScript = "#!/bin/sh\nset -e\n\nto_path=\"${CONFIGURATION_BUILD_DIR}/${UNLOCALIZED_RESOURCES_FOLDER_PATH}/SourceCode\"\n\necho \"warning: $to_path\"\n\nrsync -arc --delete ./Demos/*.swift \"${to_path}\"\n";
		};
		71A118A7379B911E3CF88998 /* Check Pods Manifest.lock */ = {
			isa = PBXShellScriptBuildPhase;
			buildActionMask = 2147483647;
			files = (
			);
			inputPaths = (
			);
			name = "Check Pods Manifest.lock";
			outputPaths = (
			);
			runOnlyForDeploymentPostprocessing = 0;
			shellPath = /bin/sh;
			shellScript = "diff \"${PODS_ROOT}/../Podfile.lock\" \"${PODS_ROOT}/Manifest.lock\" > /dev/null\nif [[ $? != 0 ]] ; then\n    cat << EOM\nerror: The sandbox is not in sync with the Podfile.lock. Run 'pod install' or update your CocoaPods installation.\nEOM\n    exit 1\nfi\n";
			showEnvVarsInLog = 0;
		};
		EED291DC3F26DD6E0BF7D612 /* Embed Pods Frameworks */ = {
			isa = PBXShellScriptBuildPhase;
			buildActionMask = 2147483647;
			files = (
			);
			inputPaths = (
			);
			name = "Embed Pods Frameworks";
			outputPaths = (
			);
			runOnlyForDeploymentPostprocessing = 0;
			shellPath = /bin/sh;
			shellScript = "\"${SRCROOT}/Pods/Target Support Files/Pods-LeanStorageDemoSwift/Pods-LeanStorageDemoSwift-frameworks.sh\"\n";
			showEnvVarsInLog = 0;
		};
/* End PBXShellScriptBuildPhase section */

/* Begin PBXSourcesBuildPhase section */
		70CD75921B94CCDB00882317 /* Sources */ = {
			isa = PBXSourcesBuildPhase;
			buildActionMask = 2147483647;
			files = (
				706270EE1B9570E700CE6882 /* AVObjectDemo.swift in Sources */,
				7030744D1B958F3C00FD796E /* DemoRunC.swift in Sources */,
				703074771B95DDBB00FD796E /* PointerDemo.swift in Sources */,
				703074AE1B9873C700FD796E /* Post.swift in Sources */,
				703074B01B988EBD00FD796E /* Student.swift in Sources */,
				703074751B95DD9F00FD796E /* AVQueryDemo.swift in Sources */,
				7030747B1B95DE0000FD796E /* AVUserDemo.swift in Sources */,
				703074B41B989F9F00FD796E /* AlertViewHelper.swift in Sources */,
				7030744B1B957DA200FD796E /* Demo.swift in Sources */,
				703074A11B961FAA00FD796E /* SourceC.swift in Sources */,
				7030747D1B95DE0900FD796E /* AVFileDemo.swift in Sources */,
				703074491B957C2800FD796E /* DemoListC.swift in Sources */,
				703074AA1B9756A600FD796E /* ImageViewController.swift in Sources */,
				70CD759C1B94CCDB00882317 /* AppDelegate.swift in Sources */,
			);
			runOnlyForDeploymentPostprocessing = 0;
		};
		70CD75A71B94CCDB00882317 /* Sources */ = {
			isa = PBXSourcesBuildPhase;
			buildActionMask = 2147483647;
			files = (
				70CD75B21B94CCDB00882317 /* LeanStorageDemoSwiftTests.swift in Sources */,
			);
			runOnlyForDeploymentPostprocessing = 0;
		};
/* End PBXSourcesBuildPhase section */

/* Begin PBXTargetDependency section */
		70CD75AD1B94CCDB00882317 /* PBXTargetDependency */ = {
			isa = PBXTargetDependency;
			target = 70CD75951B94CCDB00882317 /* LeanStorageDemoSwift */;
			targetProxy = 70CD75AC1B94CCDB00882317 /* PBXContainerItemProxy */;
		};
/* End PBXTargetDependency section */

/* Begin PBXVariantGroup section */
		70CD759F1B94CCDB00882317 /* Main.storyboard */ = {
			isa = PBXVariantGroup;
			children = (
				70CD75A01B94CCDB00882317 /* Base */,
			);
			name = Main.storyboard;
			sourceTree = "<group>";
		};
		70CD75A41B94CCDB00882317 /* LaunchScreen.xib */ = {
			isa = PBXVariantGroup;
			children = (
				70CD75A51B94CCDB00882317 /* Base */,
			);
			name = LaunchScreen.xib;
			sourceTree = "<group>";
		};
/* End PBXVariantGroup section */

/* Begin XCBuildConfiguration section */
		70CD75B31B94CCDB00882317 /* Debug */ = {
			isa = XCBuildConfiguration;
			buildSettings = {
				ALWAYS_SEARCH_USER_PATHS = NO;
				CLANG_CXX_LANGUAGE_STANDARD = "gnu++0x";
				CLANG_CXX_LIBRARY = "libc++";
				CLANG_ENABLE_MODULES = YES;
				CLANG_ENABLE_OBJC_ARC = YES;
				CLANG_WARN_BOOL_CONVERSION = YES;
				CLANG_WARN_CONSTANT_CONVERSION = YES;
				CLANG_WARN_DIRECT_OBJC_ISA_USAGE = YES_ERROR;
				CLANG_WARN_EMPTY_BODY = YES;
				CLANG_WARN_ENUM_CONVERSION = YES;
				CLANG_WARN_INT_CONVERSION = YES;
				CLANG_WARN_OBJC_ROOT_CLASS = YES_ERROR;
				CLANG_WARN_UNREACHABLE_CODE = YES;
				CLANG_WARN__DUPLICATE_METHOD_MATCH = YES;
				"CODE_SIGN_IDENTITY[sdk=iphoneos*]" = "iPhone Developer";
				COPY_PHASE_STRIP = NO;
				DEBUG_INFORMATION_FORMAT = "dwarf-with-dsym";
				ENABLE_STRICT_OBJC_MSGSEND = YES;
				GCC_C_LANGUAGE_STANDARD = gnu99;
				GCC_DYNAMIC_NO_PIC = NO;
				GCC_NO_COMMON_BLOCKS = YES;
				GCC_OPTIMIZATION_LEVEL = 0;
				GCC_PREPROCESSOR_DEFINITIONS = (
					"DEBUG=1",
					"$(inherited)",
				);
				GCC_SYMBOLS_PRIVATE_EXTERN = NO;
				GCC_WARN_64_TO_32_BIT_CONVERSION = YES;
				GCC_WARN_ABOUT_RETURN_TYPE = YES_ERROR;
				GCC_WARN_UNDECLARED_SELECTOR = YES;
				GCC_WARN_UNINITIALIZED_AUTOS = YES_AGGRESSIVE;
				GCC_WARN_UNUSED_FUNCTION = YES;
				GCC_WARN_UNUSED_VARIABLE = YES;
				IPHONEOS_DEPLOYMENT_TARGET = 8.4;
				MTL_ENABLE_DEBUG_INFO = YES;
				ONLY_ACTIVE_ARCH = YES;
				SDKROOT = iphoneos;
				SWIFT_OPTIMIZATION_LEVEL = "-Onone";
			};
			name = Debug;
		};
		70CD75B41B94CCDB00882317 /* Release */ = {
			isa = XCBuildConfiguration;
			buildSettings = {
				ALWAYS_SEARCH_USER_PATHS = NO;
				CLANG_CXX_LANGUAGE_STANDARD = "gnu++0x";
				CLANG_CXX_LIBRARY = "libc++";
				CLANG_ENABLE_MODULES = YES;
				CLANG_ENABLE_OBJC_ARC = YES;
				CLANG_WARN_BOOL_CONVERSION = YES;
				CLANG_WARN_CONSTANT_CONVERSION = YES;
				CLANG_WARN_DIRECT_OBJC_ISA_USAGE = YES_ERROR;
				CLANG_WARN_EMPTY_BODY = YES;
				CLANG_WARN_ENUM_CONVERSION = YES;
				CLANG_WARN_INT_CONVERSION = YES;
				CLANG_WARN_OBJC_ROOT_CLASS = YES_ERROR;
				CLANG_WARN_UNREACHABLE_CODE = YES;
				CLANG_WARN__DUPLICATE_METHOD_MATCH = YES;
				"CODE_SIGN_IDENTITY[sdk=iphoneos*]" = "iPhone Developer";
				COPY_PHASE_STRIP = NO;
				DEBUG_INFORMATION_FORMAT = "dwarf-with-dsym";
				ENABLE_NS_ASSERTIONS = NO;
				ENABLE_STRICT_OBJC_MSGSEND = YES;
				GCC_C_LANGUAGE_STANDARD = gnu99;
				GCC_NO_COMMON_BLOCKS = YES;
				GCC_WARN_64_TO_32_BIT_CONVERSION = YES;
				GCC_WARN_ABOUT_RETURN_TYPE = YES_ERROR;
				GCC_WARN_UNDECLARED_SELECTOR = YES;
				GCC_WARN_UNINITIALIZED_AUTOS = YES_AGGRESSIVE;
				GCC_WARN_UNUSED_FUNCTION = YES;
				GCC_WARN_UNUSED_VARIABLE = YES;
				IPHONEOS_DEPLOYMENT_TARGET = 8.4;
				MTL_ENABLE_DEBUG_INFO = NO;
				SDKROOT = iphoneos;
				VALIDATE_PRODUCT = YES;
			};
			name = Release;
		};
		70CD75B61B94CCDB00882317 /* Debug */ = {
			isa = XCBuildConfiguration;
			baseConfigurationReference = A5AC5B902E4AE4E032A5CB89 /* Pods-LeanStorageDemoSwift.debug.xcconfig */;
			buildSettings = {
				ASSETCATALOG_COMPILER_APPICON_NAME = AppIcon;
				CLANG_ENABLE_MODULES = YES;
				GCC_PREFIX_HEADER = "";
				INFOPLIST_FILE = LeanStorageDemoSwift/Info.plist;
				LD_RUNPATH_SEARCH_PATHS = "$(inherited) @executable_path/Frameworks";
				PRODUCT_NAME = "$(TARGET_NAME)";
				SWIFT_OBJC_BRIDGING_HEADER = "LeanStorageDemoSwift/LeanStorageDemoSwift-Bridging-Header.h";
				SWIFT_OPTIMIZATION_LEVEL = "-Onone";
			};
			name = Debug;
		};
		70CD75B71B94CCDB00882317 /* Release */ = {
			isa = XCBuildConfiguration;
			baseConfigurationReference = ED5CB223BCB79D5820E097C8 /* Pods-LeanStorageDemoSwift.release.xcconfig */;
			buildSettings = {
				ASSETCATALOG_COMPILER_APPICON_NAME = AppIcon;
				CLANG_ENABLE_MODULES = YES;
				GCC_PREFIX_HEADER = "";
				INFOPLIST_FILE = LeanStorageDemoSwift/Info.plist;
				LD_RUNPATH_SEARCH_PATHS = "$(inherited) @executable_path/Frameworks";
				PRODUCT_NAME = "$(TARGET_NAME)";
				SWIFT_OBJC_BRIDGING_HEADER = "LeanStorageDemoSwift/LeanStorageDemoSwift-Bridging-Header.h";
			};
			name = Release;
		};
		70CD75B91B94CCDB00882317 /* Debug */ = {
			isa = XCBuildConfiguration;
			buildSettings = {
				BUNDLE_LOADER = "$(TEST_HOST)";
				FRAMEWORK_SEARCH_PATHS = (
					"$(SDKROOT)/Developer/Library/Frameworks",
					"$(inherited)",
				);
				GCC_PREPROCESSOR_DEFINITIONS = (
					"DEBUG=1",
					"$(inherited)",
				);
				INFOPLIST_FILE = LeanStorageDemoSwiftTests/Info.plist;
				LD_RUNPATH_SEARCH_PATHS = "$(inherited) @executable_path/Frameworks @loader_path/Frameworks";
				PRODUCT_NAME = "$(TARGET_NAME)";
				TEST_HOST = "$(BUILT_PRODUCTS_DIR)/LeanStorageDemoSwift.app/LeanStorageDemoSwift";
			};
			name = Debug;
		};
		70CD75BA1B94CCDB00882317 /* Release */ = {
			isa = XCBuildConfiguration;
			buildSettings = {
				BUNDLE_LOADER = "$(TEST_HOST)";
				FRAMEWORK_SEARCH_PATHS = (
					"$(SDKROOT)/Developer/Library/Frameworks",
					"$(inherited)",
				);
				INFOPLIST_FILE = LeanStorageDemoSwiftTests/Info.plist;
				LD_RUNPATH_SEARCH_PATHS = "$(inherited) @executable_path/Frameworks @loader_path/Frameworks";
				PRODUCT_NAME = "$(TARGET_NAME)";
				TEST_HOST = "$(BUILT_PRODUCTS_DIR)/LeanStorageDemoSwift.app/LeanStorageDemoSwift";
			};
			name = Release;
		};
/* End XCBuildConfiguration section */

/* Begin XCConfigurationList section */
		70CD75911B94CCDB00882317 /* Build configuration list for PBXProject "LeanStorageDemoSwift" */ = {
			isa = XCConfigurationList;
			buildConfigurations = (
				70CD75B31B94CCDB00882317 /* Debug */,
				70CD75B41B94CCDB00882317 /* Release */,
			);
			defaultConfigurationIsVisible = 0;
			defaultConfigurationName = Release;
		};
		70CD75B51B94CCDB00882317 /* Build configuration list for PBXNativeTarget "LeanStorageDemoSwift" */ = {
			isa = XCConfigurationList;
			buildConfigurations = (
				70CD75B61B94CCDB00882317 /* Debug */,
				70CD75B71B94CCDB00882317 /* Release */,
			);
			defaultConfigurationIsVisible = 0;
			defaultConfigurationName = Release;
		};
		70CD75B81B94CCDB00882317 /* Build configuration list for PBXNativeTarget "LeanStorageDemoSwiftTests" */ = {
			isa = XCConfigurationList;
			buildConfigurations = (
				70CD75B91B94CCDB00882317 /* Debug */,
				70CD75BA1B94CCDB00882317 /* Release */,
			);
			defaultConfigurationIsVisible = 0;
			defaultConfigurationName = Release;
		};
/* End XCConfigurationList section */
	};
	rootObject = 70CD758E1B94CCDB00882317 /* Project object */;
}
